// !$*UTF8*$!
{
	archiveVersion = 1;
	classes = {
	};
	objectVersion = 56;
	objects = {

/* Begin PBXBuildFile section */
		64373EE92D59F3A3007072DC /* SettingActionView.swift in Sources */ = {isa = PBXBuildFile; fileRef = 64373EE82D59F3A3007072DC /* SettingActionView.swift */; };
		64373EEB2D59F3CE007072DC /* SettingAccountView.swift in Sources */ = {isa = PBXBuildFile; fileRef = 64373EEA2D59F3CE007072DC /* SettingAccountView.swift */; };
		64373EED2D59F3EE007072DC /* SettingTypeView.swift in Sources */ = {isa = PBXBuildFile; fileRef = 64373EEC2D59F3EE007072DC /* SettingTypeView.swift */; };
		64373EEF2D59F9AA007072DC /* ActionStore.swift in Sources */ = {isa = PBXBuildFile; fileRef = 64373EEE2D59F9AA007072DC /* ActionStore.swift */; };
		64373EF12D59FE95007072DC /* AccountStore.swift in Sources */ = {isa = PBXBuildFile; fileRef = 64373EF02D59FE95007072DC /* AccountStore.swift */; };
		64373EF32D5A48E6007072DC /* AccountView.swift in Sources */ = {isa = PBXBuildFile; fileRef = 64373EF22D5A48E6007072DC /* AccountView.swift */; };
		64373EF52D5A48FA007072DC /* AccountList.swift in Sources */ = {isa = PBXBuildFile; fileRef = 64373EF42D5A48FA007072DC /* AccountList.swift */; };
		64373EF72D5AE01D007072DC /* TypeStore.swift in Sources */ = {isa = PBXBuildFile; fileRef = 64373EF62D5AE01D007072DC /* TypeStore.swift */; };
		64373EF92D5AE4E2007072DC /* TypeView.swift in Sources */ = {isa = PBXBuildFile; fileRef = 64373EF82D5AE4E2007072DC /* TypeView.swift */; };
		64373EFB2D5AE5A0007072DC /* TypeList.swift in Sources */ = {isa = PBXBuildFile; fileRef = 64373EFA2D5AE5A0007072DC /* TypeList.swift */; };
		64373EFE2D5AF1F1007072DC /* AccountEditView.swift in Sources */ = {isa = PBXBuildFile; fileRef = 64373EFD2D5AF1F1007072DC /* AccountEditView.swift */; };
		64373F002D5AF22A007072DC /* TypeEditView.swift in Sources */ = {isa = PBXBuildFile; fileRef = 64373EFF2D5AF22A007072DC /* TypeEditView.swift */; };
		64C368CA2D60CB6E003770A3 /* ImagePickerView in Frameworks */ = {isa = PBXBuildFile; productRef = 64C368C92D60CB6E003770A3 /* ImagePickerView */; };
		64DA4E402D4E134900EE1521 /* EasyAccountsApp.swift in Sources */ = {isa = PBXBuildFile; fileRef = 64DA4E3F2D4E134900EE1521 /* EasyAccountsApp.swift */; };
		64DA4E422D4E134900EE1521 /* ContentView.swift in Sources */ = {isa = PBXBuildFile; fileRef = 64DA4E412D4E134900EE1521 /* ContentView.swift */; };
		64DA4E442D4E134B00EE1521 /* Assets.xcassets in Resources */ = {isa = PBXBuildFile; fileRef = 64DA4E432D4E134B00EE1521 /* Assets.xcassets */; };
		64DA4E472D4E134B00EE1521 /* Preview Assets.xcassets in Resources */ = {isa = PBXBuildFile; fileRef = 64DA4E462D4E134B00EE1521 /* Preview Assets.xcassets */; };
		64DA4E502D4FABB700EE1521 /* OverView.swift in Sources */ = {isa = PBXBuildFile; fileRef = 64DA4E4F2D4FABB700EE1521 /* OverView.swift */; };
		64DA4E522D4FB14900EE1521 /* DetailView.swift in Sources */ = {isa = PBXBuildFile; fileRef = 64DA4E512D4FB14900EE1521 /* DetailView.swift */; };
		64DA4E542D4FB34600EE1521 /* ScreenView.swift in Sources */ = {isa = PBXBuildFile; fileRef = 64DA4E532D4FB34600EE1521 /* ScreenView.swift */; };
		64DA4E562D4FB38900EE1521 /* SettingView.swift in Sources */ = {isa = PBXBuildFile; fileRef = 64DA4E552D4FB38900EE1521 /* SettingView.swift */; };
		64DA4E5B2D524EA400EE1521 /* FlowList.swift in Sources */ = {isa = PBXBuildFile; fileRef = 64DA4E5A2D524EA400EE1521 /* FlowList.swift */; };
		64DA4E5D2D524F4200EE1521 /* DetailStore.swift in Sources */ = {isa = PBXBuildFile; fileRef = 64DA4E5C2D524F4200EE1521 /* DetailStore.swift */; };
		64DA4E5F2D52512400EE1521 /* FlowView.swift in Sources */ = {isa = PBXBuildFile; fileRef = 64DA4E5E2D52512400EE1521 /* FlowView.swift */; };
		64DA4E612D53150F00EE1521 /* HomeStore.swift in Sources */ = {isa = PBXBuildFile; fileRef = 64DA4E602D53150F00EE1521 /* HomeStore.swift */; };
		64DA4E632D57A64400EE1521 /* AddFlowView.swift in Sources */ = {isa = PBXBuildFile; fileRef = 64DA4E622D57A64400EE1521 /* AddFlowView.swift */; };
/* End PBXBuildFile section */

/* Begin PBXFileReference section */
		64373EE82D59F3A3007072DC /* SettingActionView.swift */ = {isa = PBXFileReference; lastKnownFileType = sourcecode.swift; path = SettingActionView.swift; sourceTree = "<group>"; };
		64373EEA2D59F3CE007072DC /* SettingAccountView.swift */ = {isa = PBXFileReference; lastKnownFileType = sourcecode.swift; path = SettingAccountView.swift; sourceTree = "<group>"; };
		64373EEC2D59F3EE007072DC /* SettingTypeView.swift */ = {isa = PBXFileReference; lastKnownFileType = sourcecode.swift; path = SettingTypeView.swift; sourceTree = "<group>"; };
		64373EEE2D59F9AA007072DC /* ActionStore.swift */ = {isa = PBXFileReference; lastKnownFileType = sourcecode.swift; path = ActionStore.swift; sourceTree = "<group>"; };
		64373EF02D59FE95007072DC /* AccountStore.swift */ = {isa = PBXFileReference; lastKnownFileType = sourcecode.swift; path = AccountStore.swift; sourceTree = "<group>"; };
		64373EF22D5A48E6007072DC /* AccountView.swift */ = {isa = PBXFileReference; lastKnownFileType = sourcecode.swift; path = AccountView.swift; sourceTree = "<group>"; };
		64373EF42D5A48FA007072DC /* AccountList.swift */ = {isa = PBXFileReference; lastKnownFileType = sourcecode.swift; path = AccountList.swift; sourceTree = "<group>"; };
		64373EF62D5AE01D007072DC /* TypeStore.swift */ = {isa = PBXFileReference; lastKnownFileType = sourcecode.swift; path = TypeStore.swift; sourceTree = "<group>"; };
		64373EF82D5AE4E2007072DC /* TypeView.swift */ = {isa = PBXFileReference; lastKnownFileType = sourcecode.swift; path = TypeView.swift; sourceTree = "<group>"; };
		64373EFA2D5AE5A0007072DC /* TypeList.swift */ = {isa = PBXFileReference; lastKnownFileType = sourcecode.swift; path = TypeList.swift; sourceTree = "<group>"; };
		64373EFD2D5AF1F1007072DC /* AccountEditView.swift */ = {isa = PBXFileReference; lastKnownFileType = sourcecode.swift; path = AccountEditView.swift; sourceTree = "<group>"; };
		64373EFF2D5AF22A007072DC /* TypeEditView.swift */ = {isa = PBXFileReference; lastKnownFileType = sourcecode.swift; path = TypeEditView.swift; sourceTree = "<group>"; };
		64DA4E3C2D4E134900EE1521 /* EasyAccounts.app */ = {isa = PBXFileReference; explicitFileType = wrapper.application; includeInIndex = 0; path = EasyAccounts.app; sourceTree = BUILT_PRODUCTS_DIR; };
		64DA4E3F2D4E134900EE1521 /* EasyAccountsApp.swift */ = {isa = PBXFileReference; lastKnownFileType = sourcecode.swift; path = EasyAccountsApp.swift; sourceTree = "<group>"; };
		64DA4E412D4E134900EE1521 /* ContentView.swift */ = {isa = PBXFileReference; lastKnownFileType = sourcecode.swift; path = ContentView.swift; sourceTree = "<group>"; };
		64DA4E432D4E134B00EE1521 /* Assets.xcassets */ = {isa = PBXFileReference; lastKnownFileType = folder.assetcatalog; path = Assets.xcassets; sourceTree = "<group>"; };
		64DA4E462D4E134B00EE1521 /* Preview Assets.xcassets */ = {isa = PBXFileReference; lastKnownFileType = folder.assetcatalog; path = "Preview Assets.xcassets"; sourceTree = "<group>"; };
		64DA4E4F2D4FABB700EE1521 /* OverView.swift */ = {isa = PBXFileReference; lastKnownFileType = sourcecode.swift; path = OverView.swift; sourceTree = "<group>"; };
		64DA4E512D4FB14900EE1521 /* DetailView.swift */ = {isa = PBXFileReference; lastKnownFileType = sourcecode.swift; path = DetailView.swift; sourceTree = "<group>"; };
		64DA4E532D4FB34600EE1521 /* ScreenView.swift */ = {isa = PBXFileReference; lastKnownFileType = sourcecode.swift; path = ScreenView.swift; sourceTree = "<group>"; };
		64DA4E552D4FB38900EE1521 /* SettingView.swift */ = {isa = PBXFileReference; lastKnownFileType = sourcecode.swift; path = SettingView.swift; sourceTree = "<group>"; };
		64DA4E5A2D524EA400EE1521 /* FlowList.swift */ = {isa = PBXFileReference; lastKnownFileType = sourcecode.swift; path = FlowList.swift; sourceTree = "<group>"; };
		64DA4E5C2D524F4200EE1521 /* DetailStore.swift */ = {isa = PBXFileReference; lastKnownFileType = sourcecode.swift; path = DetailStore.swift; sourceTree = "<group>"; };
		64DA4E5E2D52512400EE1521 /* FlowView.swift */ = {isa = PBXFileReference; lastKnownFileType = sourcecode.swift; path = FlowView.swift; sourceTree = "<group>"; };
		64DA4E602D53150F00EE1521 /* HomeStore.swift */ = {isa = PBXFileReference; lastKnownFileType = sourcecode.swift; path = HomeStore.swift; sourceTree = "<group>"; };
		64DA4E622D57A64400EE1521 /* AddFlowView.swift */ = {isa = PBXFileReference; lastKnownFileType = sourcecode.swift; path = AddFlowView.swift; sourceTree = "<group>"; };
/* End PBXFileReference section */

/* Begin PBXFrameworksBuildPhase section */
		64DA4E392D4E134900EE1521 /* Frameworks */ = {
			isa = PBXFrameworksBuildPhase;
			buildActionMask = 2147483647;
			files = (
				64C368CA2D60CB6E003770A3 /* ImagePickerView in Frameworks */,
			);
			runOnlyForDeploymentPostprocessing = 0;
		};
/* End PBXFrameworksBuildPhase section */

/* Begin PBXGroup section */
		64373EE72D59F36E007072DC /* setting */ = {
			isa = PBXGroup;
			children = (
				64373EE82D59F3A3007072DC /* SettingActionView.swift */,
				64373EEA2D59F3CE007072DC /* SettingAccountView.swift */,
				64373EEC2D59F3EE007072DC /* SettingTypeView.swift */,
			);
			path = setting;
			sourceTree = "<group>";
		};
		64373EFC2D5AF1D6007072DC /* edit */ = {
			isa = PBXGroup;
			children = (
				64373EFD2D5AF1F1007072DC /* AccountEditView.swift */,
				64373EFF2D5AF22A007072DC /* TypeEditView.swift */,
			);
			path = edit;
			sourceTree = "<group>";
		};
		64DA4E332D4E134900EE1521 = {
			isa = PBXGroup;
			children = (
				64DA4E3E2D4E134900EE1521 /* EasyAccounts */,
				64DA4E3D2D4E134900EE1521 /* Products */,
			);
			sourceTree = "<group>";
		};
		64DA4E3D2D4E134900EE1521 /* Products */ = {
			isa = PBXGroup;
			children = (
				64DA4E3C2D4E134900EE1521 /* EasyAccounts.app */,
			);
			name = Products;
			sourceTree = "<group>";
		};
		64DA4E3E2D4E134900EE1521 /* EasyAccounts */ = {
			isa = PBXGroup;
			children = (
				64373EFC2D5AF1D6007072DC /* edit */,
				64373EE72D59F36E007072DC /* setting */,
				64DA4E572D4FB6E700EE1521 /* model */,
				64DA4E3F2D4E134900EE1521 /* EasyAccountsApp.swift */,
				64DA4E412D4E134900EE1521 /* ContentView.swift */,
				64DA4E432D4E134B00EE1521 /* Assets.xcassets */,
				64DA4E452D4E134B00EE1521 /* Preview Content */,
				64DA4E4F2D4FABB700EE1521 /* OverView.swift */,
				64DA4E512D4FB14900EE1521 /* DetailView.swift */,
				64DA4E532D4FB34600EE1521 /* ScreenView.swift */,
				64DA4E552D4FB38900EE1521 /* SettingView.swift */,
				64DA4E5A2D524EA400EE1521 /* FlowList.swift */,
				64DA4E5E2D52512400EE1521 /* FlowView.swift */,
				64DA4E622D57A64400EE1521 /* AddFlowView.swift */,
				64373EF22D5A48E6007072DC /* AccountView.swift */,
				64373EF42D5A48FA007072DC /* AccountList.swift */,
				64373EF82D5AE4E2007072DC /* TypeView.swift */,
				64373EFA2D5AE5A0007072DC /* TypeList.swift */,
			);
			path = EasyAccounts;
			sourceTree = "<group>";
		};
		64DA4E452D4E134B00EE1521 /* Preview Content */ = {
			isa = PBXGroup;
			children = (
				64DA4E462D4E134B00EE1521 /* Preview Assets.xcassets */,
			);
			path = "Preview Content";
			sourceTree = "<group>";
		};
		64DA4E572D4FB6E700EE1521 /* model */ = {
			isa = PBXGroup;
			children = (
				64DA4E5C2D524F4200EE1521 /* DetailStore.swift */,
				64DA4E602D53150F00EE1521 /* HomeStore.swift */,
				64373EEE2D59F9AA007072DC /* ActionStore.swift */,
				64373EF02D59FE95007072DC /* AccountStore.swift */,
				64373EF62D5AE01D007072DC /* TypeStore.swift */,
			);
			path = model;
			sourceTree = "<group>";
		};
/* End PBXGroup section */

/* Begin PBXNativeTarget section */
		64DA4E3B2D4E134900EE1521 /* EasyAccounts */ = {
			isa = PBXNativeTarget;
			buildConfigurationList = 64DA4E4A2D4E134B00EE1521 /* Build configuration list for PBXNativeTarget "EasyAccounts" */;
			buildPhases = (
				64DA4E382D4E134900EE1521 /* Sources */,
				64DA4E392D4E134900EE1521 /* Frameworks */,
				64DA4E3A2D4E134900EE1521 /* Resources */,
			);
			buildRules = (
			);
			dependencies = (
			);
			name = EasyAccounts;
			packageProductDependencies = (
				64C368C92D60CB6E003770A3 /* ImagePickerView */,
			);
			productName = EasyAccounts;
			productReference = 64DA4E3C2D4E134900EE1521 /* EasyAccounts.app */;
			productType = "com.apple.product-type.application";
		};
/* End PBXNativeTarget section */

/* Begin PBXProject section */
		64DA4E342D4E134900EE1521 /* Project object */ = {
			isa = PBXProject;
			attributes = {
				BuildIndependentTargetsInParallel = 1;
				LastSwiftUpdateCheck = 1520;
				LastUpgradeCheck = 1520;
				TargetAttributes = {
					64DA4E3B2D4E134900EE1521 = {
						CreatedOnToolsVersion = 15.2;
					};
				};
			};
			buildConfigurationList = 64DA4E372D4E134900EE1521 /* Build configuration list for PBXProject "EasyAccounts" */;
			compatibilityVersion = "Xcode 14.0";
			developmentRegion = en;
			hasScannedForEncodings = 0;
			knownRegions = (
				en,
				Base,
			);
			mainGroup = 64DA4E332D4E134900EE1521;
			packageReferences = (
				64C368C82D60CB6E003770A3 /* XCRemoteSwiftPackageReference "ImagePickerView" */,
			);
			productRefGroup = 64DA4E3D2D4E134900EE1521 /* Products */;
			projectDirPath = "";
			projectRoot = "";
			targets = (
				64DA4E3B2D4E134900EE1521 /* EasyAccounts */,
			);
		};
/* End PBXProject section */

/* Begin PBXResourcesBuildPhase section */
		64DA4E3A2D4E134900EE1521 /* Resources */ = {
			isa = PBXResourcesBuildPhase;
			buildActionMask = 2147483647;
			files = (
				64DA4E472D4E134B00EE1521 /* Preview Assets.xcassets in Resources */,
				64DA4E442D4E134B00EE1521 /* Assets.xcassets in Resources */,
			);
			runOnlyForDeploymentPostprocessing = 0;
		};
/* End PBXResourcesBuildPhase section */

/* Begin PBXSourcesBuildPhase section */
		64DA4E382D4E134900EE1521 /* Sources */ = {
			isa = PBXSourcesBuildPhase;
			buildActionMask = 2147483647;
			files = (
				64373EFB2D5AE5A0007072DC /* TypeList.swift in Sources */,
				64DA4E502D4FABB700EE1521 /* OverView.swift in Sources */,
				64DA4E5F2D52512400EE1521 /* FlowView.swift in Sources */,
				64373EEF2D59F9AA007072DC /* ActionStore.swift in Sources */,
				64373EF32D5A48E6007072DC /* AccountView.swift in Sources */,
				64373EE92D59F3A3007072DC /* SettingActionView.swift in Sources */,
				64DA4E5D2D524F4200EE1521 /* DetailStore.swift in Sources */,
				64DA4E522D4FB14900EE1521 /* DetailView.swift in Sources */,
				64DA4E422D4E134900EE1521 /* ContentView.swift in Sources */,
				64373EF12D59FE95007072DC /* AccountStore.swift in Sources */,
				64373EED2D59F3EE007072DC /* SettingTypeView.swift in Sources */,
				64373EF92D5AE4E2007072DC /* TypeView.swift in Sources */,
				64373EEB2D59F3CE007072DC /* SettingAccountView.swift in Sources */,
				64DA4E562D4FB38900EE1521 /* SettingView.swift in Sources */,
				64DA4E632D57A64400EE1521 /* AddFlowView.swift in Sources */,
				64DA4E5B2D524EA400EE1521 /* FlowList.swift in Sources */,
				64373F002D5AF22A007072DC /* TypeEditView.swift in Sources */,
				64373EFE2D5AF1F1007072DC /* AccountEditView.swift in Sources */,
				64DA4E402D4E134900EE1521 /* EasyAccountsApp.swift in Sources */,
				64373EF72D5AE01D007072DC /* TypeStore.swift in Sources */,
				64DA4E612D53150F00EE1521 /* HomeStore.swift in Sources */,
				64DA4E542D4FB34600EE1521 /* ScreenView.swift in Sources */,
				64373EF52D5A48FA007072DC /* AccountList.swift in Sources */,
			);
			runOnlyForDeploymentPostprocessing = 0;
		};
/* End PBXSourcesBuildPhase section */

/* Begin XCBuildConfiguration section */
		64DA4E482D4E134B00EE1521 /* Debug */ = {
			isa = XCBuildConfiguration;
			buildSettings = {
				ALWAYS_SEARCH_USER_PATHS = NO;
				ASSETCATALOG_COMPILER_GENERATE_SWIFT_ASSET_SYMBOL_EXTENSIONS = YES;
				CLANG_ANALYZER_NONNULL = YES;
				CLANG_ANALYZER_NUMBER_OBJECT_CONVERSION = YES_AGGRESSIVE;
				CLANG_CXX_LANGUAGE_STANDARD = "gnu++20";
				CLANG_ENABLE_MODULES = YES;
				CLANG_ENABLE_OBJC_ARC = YES;
				CLANG_ENABLE_OBJC_WEAK = YES;
				CLANG_WARN_BLOCK_CAPTURE_AUTORELEASING = YES;
				CLANG_WARN_BOOL_CONVERSION = YES;
				CLANG_WARN_COMMA = YES;
				CLANG_WARN_CONSTANT_CONVERSION = YES;
				CLANG_WARN_DEPRECATED_OBJC_IMPLEMENTATIONS = YES;
				CLANG_WARN_DIRECT_OBJC_ISA_USAGE = YES_ERROR;
				CLANG_WARN_DOCUMENTATION_COMMENTS = YES;
				CLANG_WARN_EMPTY_BODY = YES;
				CLANG_WARN_ENUM_CONVERSION = YES;
				CLANG_WARN_INFINITE_RECURSION = YES;
				CLANG_WARN_INT_CONVERSION = YES;
				CLANG_WARN_NON_LITERAL_NULL_CONVERSION = YES;
				CLANG_WARN_OBJC_IMPLICIT_RETAIN_SELF = YES;
				CLANG_WARN_OBJC_LITERAL_CONVERSION = YES;
				CLANG_WARN_OBJC_ROOT_CLASS = YES_ERROR;
				CLANG_WARN_QUOTED_INCLUDE_IN_FRAMEWORK_HEADER = YES;
				CLANG_WARN_RANGE_LOOP_ANALYSIS = YES;
				CLANG_WARN_STRICT_PROTOTYPES = YES;
				CLANG_WARN_SUSPICIOUS_MOVE = YES;
				CLANG_WARN_UNGUARDED_AVAILABILITY = YES_AGGRESSIVE;
				CLANG_WARN_UNREACHABLE_CODE = YES;
				CLANG_WARN__DUPLICATE_METHOD_MATCH = YES;
				COPY_PHASE_STRIP = NO;
				DEBUG_INFORMATION_FORMAT = dwarf;
				ENABLE_STRICT_OBJC_MSGSEND = YES;
				ENABLE_TESTABILITY = YES;
				ENABLE_USER_SCRIPT_SANDBOXING = YES;
				GCC_C_LANGUAGE_STANDARD = gnu17;
				GCC_DYNAMIC_NO_PIC = NO;
				GCC_NO_COMMON_BLOCKS = YES;
				GCC_OPTIMIZATION_LEVEL = 0;
				GCC_PREPROCESSOR_DEFINITIONS = (
					"DEBUG=1",
					"$(inherited)",
				);
				GCC_WARN_64_TO_32_BIT_CONVERSION = YES;
				GCC_WARN_ABOUT_RETURN_TYPE = YES_ERROR;
				GCC_WARN_UNDECLARED_SELECTOR = YES;
				GCC_WARN_UNINITIALIZED_AUTOS = YES_AGGRESSIVE;
				GCC_WARN_UNUSED_FUNCTION = YES;
				GCC_WARN_UNUSED_VARIABLE = YES;
				IPHONEOS_DEPLOYMENT_TARGET = 16.0;
				LOCALIZATION_PREFERS_STRING_CATALOGS = YES;
				MTL_ENABLE_DEBUG_INFO = INCLUDE_SOURCE;
				MTL_FAST_MATH = YES;
				ONLY_ACTIVE_ARCH = YES;
				SDKROOT = iphoneos;
				SWIFT_ACTIVE_COMPILATION_CONDITIONS = "DEBUG $(inherited)";
				SWIFT_OPTIMIZATION_LEVEL = "-Onone";
			};
			name = Debug;
		};
		64DA4E492D4E134B00EE1521 /* Release */ = {
			isa = XCBuildConfiguration;
			buildSettings = {
				ALWAYS_SEARCH_USER_PATHS = NO;
				ASSETCATALOG_COMPILER_GENERATE_SWIFT_ASSET_SYMBOL_EXTENSIONS = YES;
				CLANG_ANALYZER_NONNULL = YES;
				CLANG_ANALYZER_NUMBER_OBJECT_CONVERSION = YES_AGGRESSIVE;
				CLANG_CXX_LANGUAGE_STANDARD = "gnu++20";
				CLANG_ENABLE_MODULES = YES;
				CLANG_ENABLE_OBJC_ARC = YES;
				CLANG_ENABLE_OBJC_WEAK = YES;
				CLANG_WARN_BLOCK_CAPTURE_AUTORELEASING = YES;
				CLANG_WARN_BOOL_CONVERSION = YES;
				CLANG_WARN_COMMA = YES;
				CLANG_WARN_CONSTANT_CONVERSION = YES;
				CLANG_WARN_DEPRECATED_OBJC_IMPLEMENTATIONS = YES;
				CLANG_WARN_DIRECT_OBJC_ISA_USAGE = YES_ERROR;
				CLANG_WARN_DOCUMENTATION_COMMENTS = YES;
				CLANG_WARN_EMPTY_BODY = YES;
				CLANG_WARN_ENUM_CONVERSION = YES;
				CLANG_WARN_INFINITE_RECURSION = YES;
				CLANG_WARN_INT_CONVERSION = YES;
				CLANG_WARN_NON_LITERAL_NULL_CONVERSION = YES;
				CLANG_WARN_OBJC_IMPLICIT_RETAIN_SELF = YES;
				CLANG_WARN_OBJC_LITERAL_CONVERSION = YES;
				CLANG_WARN_OBJC_ROOT_CLASS = YES_ERROR;
				CLANG_WARN_QUOTED_INCLUDE_IN_FRAMEWORK_HEADER = YES;
				CLANG_WARN_RANGE_LOOP_ANALYSIS = YES;
				CLANG_WARN_STRICT_PROTOTYPES = YES;
				CLANG_WARN_SUSPICIOUS_MOVE = YES;
				CLANG_WARN_UNGUARDED_AVAILABILITY = YES_AGGRESSIVE;
				CLANG_WARN_UNREACHABLE_CODE = YES;
				CLANG_WARN__DUPLICATE_METHOD_MATCH = YES;
				COPY_PHASE_STRIP = NO;
				DEBUG_INFORMATION_FORMAT = "dwarf-with-dsym";
				ENABLE_NS_ASSERTIONS = NO;
				ENABLE_STRICT_OBJC_MSGSEND = YES;
				ENABLE_USER_SCRIPT_SANDBOXING = YES;
				GCC_C_LANGUAGE_STANDARD = gnu17;
				GCC_NO_COMMON_BLOCKS = YES;
				GCC_WARN_64_TO_32_BIT_CONVERSION = YES;
				GCC_WARN_ABOUT_RETURN_TYPE = YES_ERROR;
				GCC_WARN_UNDECLARED_SELECTOR = YES;
				GCC_WARN_UNINITIALIZED_AUTOS = YES_AGGRESSIVE;
				GCC_WARN_UNUSED_FUNCTION = YES;
				GCC_WARN_UNUSED_VARIABLE = YES;
				IPHONEOS_DEPLOYMENT_TARGET = 16.0;
				LOCALIZATION_PREFERS_STRING_CATALOGS = YES;
				MTL_ENABLE_DEBUG_INFO = NO;
				MTL_FAST_MATH = YES;
				SDKROOT = iphoneos;
				SWIFT_COMPILATION_MODE = wholemodule;
				VALIDATE_PRODUCT = YES;
			};
			name = Release;
		};
		64DA4E4B2D4E134B00EE1521 /* Debug */ = {
			isa = XCBuildConfiguration;
			buildSettings = {
				ASSETCATALOG_COMPILER_APPICON_NAME = AppIcon;
				ASSETCATALOG_COMPILER_GLOBAL_ACCENT_COLOR_NAME = AccentColor;
				CODE_SIGN_STYLE = Automatic;
				CURRENT_PROJECT_VERSION = 1;
				DEVELOPMENT_ASSET_PATHS = "\"EasyAccounts/Preview Content\"";
				DEVELOPMENT_TEAM = 8CL74S73ZA;
				ENABLE_PREVIEWS = YES;
				GENERATE_INFOPLIST_FILE = YES;
				INFOPLIST_KEY_UIApplicationSceneManifest_Generation = YES;
				INFOPLIST_KEY_UIApplicationSupportsIndirectInputEvents = YES;
				INFOPLIST_KEY_UILaunchScreen_Generation = YES;
				INFOPLIST_KEY_UISupportedInterfaceOrientations_iPad = "UIInterfaceOrientationPortrait UIInterfaceOrientationPortraitUpsideDown UIInterfaceOrientationLandscapeLeft UIInterfaceOrientationLandscapeRight";
				INFOPLIST_KEY_UISupportedInterfaceOrientations_iPhone = "UIInterfaceOrientationPortrait UIInterfaceOrientationLandscapeLeft UIInterfaceOrientationLandscapeRight";
				IPHONEOS_DEPLOYMENT_TARGET = 16.0;
				LD_RUNPATH_SEARCH_PATHS = (
					"$(inherited)",
					"@executable_path/Frameworks",
				);
				MARKETING_VERSION = 1.0;
				PRODUCT_BUNDLE_IDENTIFIER = com.rockyshen.EasyAccounts;
				PRODUCT_NAME = "$(TARGET_NAME)";
				SWIFT_EMIT_LOC_STRINGS = YES;
				SWIFT_VERSION = 5.0;
				TARGETED_DEVICE_FAMILY = "1,2";
			};
			name = Debug;
		};
		64DA4E4C2D4E134B00EE1521 /* Release */ = {
			isa = XCBuildConfiguration;
			buildSettings = {
				ASSETCATALOG_COMPILER_APPICON_NAME = AppIcon;
				ASSETCATALOG_COMPILER_GLOBAL_ACCENT_COLOR_NAME = AccentColor;
				CODE_SIGN_STYLE = Automatic;
				CURRENT_PROJECT_VERSION = 1;
				DEVELOPMENT_ASSET_PATHS = "\"EasyAccounts/Preview Content\"";
				DEVELOPMENT_TEAM = 8CL74S73ZA;
				ENABLE_PREVIEWS = YES;
				GENERATE_INFOPLIST_FILE = YES;
				INFOPLIST_KEY_UIApplicationSceneManifest_Generation = YES;
				INFOPLIST_KEY_UIApplicationSupportsIndirectInputEvents = YES;
				INFOPLIST_KEY_UILaunchScreen_Generation = YES;
				INFOPLIST_KEY_UISupportedInterfaceOrientations_iPad = "UIInterfaceOrientationPortrait UIInterfaceOrientationPortraitUpsideDown UIInterfaceOrientationLandscapeLeft UIInterfaceOrientationLandscapeRight";
				INFOPLIST_KEY_UISupportedInterfaceOrientations_iPhone = "UIInterfaceOrientationPortrait UIInterfaceOrientationLandscapeLeft UIInterfaceOrientationLandscapeRight";
				IPHONEOS_DEPLOYMENT_TARGET = 16.0;
				LD_RUNPATH_SEARCH_PATHS = (
					"$(inherited)",
					"@executable_path/Frameworks",
				);
				MARKETING_VERSION = 1.0;
				PRODUCT_BUNDLE_IDENTIFIER = com.rockyshen.EasyAccounts;
				PRODUCT_NAME = "$(TARGET_NAME)";
				SWIFT_EMIT_LOC_STRINGS = YES;
				SWIFT_VERSION = 5.0;
				TARGETED_DEVICE_FAMILY = "1,2";
			};
			name = Release;
		};
/* End XCBuildConfiguration section */

/* Begin XCConfigurationList section */
		64DA4E372D4E134900EE1521 /* Build configuration list for PBXProject "EasyAccounts" */ = {
			isa = XCConfigurationList;
			buildConfigurations = (
				64DA4E482D4E134B00EE1521 /* Debug */,
				64DA4E492D4E134B00EE1521 /* Release */,
			);
			defaultConfigurationIsVisible = 0;
			defaultConfigurationName = Release;
		};
		64DA4E4A2D4E134B00EE1521 /* Build configuration list for PBXNativeTarget "EasyAccounts" */ = {
			isa = XCConfigurationList;
			buildConfigurations = (
				64DA4E4B2D4E134B00EE1521 /* Debug */,
				64DA4E4C2D4E134B00EE1521 /* Release */,
			);
			defaultConfigurationIsVisible = 0;
			defaultConfigurationName = Release;
		};
/* End XCConfigurationList section */

/* Begin XCRemoteSwiftPackageReference section */
		64C368C82D60CB6E003770A3 /* XCRemoteSwiftPackageReference "ImagePickerView" */ = {
			isa = XCRemoteSwiftPackageReference;
			repositoryURL = "https://github.com/ralfebert/ImagePickerView";
			requirement = {
				branch = master;
				kind = branch;
			};
		};
/* End XCRemoteSwiftPackageReference section */

/* Begin XCSwiftPackageProductDependency section */
		64C368C92D60CB6E003770A3 /* ImagePickerView */ = {
			isa = XCSwiftPackageProductDependency;
			package = 64C368C82D60CB6E003770A3 /* XCRemoteSwiftPackageReference "ImagePickerView" */;
			productName = ImagePickerView;
		};
/* End XCSwiftPackageProductDependency section */
	};
	rootObject = 64DA4E342D4E134900EE1521 /* Project object */;
}
